Microsoft Visual Studio Solution File, Format Version 12.00
# Visual Studio Version 16
VisualStudioVersion = 16.0.28803.156
MinimumVisualStudioVersion = 15.0.26124.0
Project("{9A19103F-16F7-4668-BE54-9A1E7A4F7556}") = "NPlaylist", "src\NPlaylist\NPlaylist.csproj", "{1D294D2F-F8EE-488B-9FA5-F7EC2BAE7DE9}"
EndProject
Project("{9A19103F-16F7-4668-BE54-9A1E7A4F7556}") = "NPlaylist.Tests", "tests\NPlaylist.Tests\NPlaylist.Tests.csproj", "{4E57EDAA-F1C6-4986-9685-7A828493504A}"
EndProject
Project("{2150E333-8FDC-42A3-9474-1A3956D46DE8}") = ".sln", ".sln", "{AA2E1146-47D1-4BA1-9BD7-0B88F69F165F}"
	ProjectSection(SolutionItems) = preProject
		.editorconfig = .editorconfig
		.gitignore = .gitignore
		LICENSE = LICENSE
		README.md = README.md
	EndProjectSection
EndProject
Project("{FAE04EC0-301F-11D3-BF4B-00C04F79EFBC}") = "NPlaylist.Core", "src\NPlaylist.Core\NPlaylist.Core.csproj", "{63F87CA1-0DF7-4CFA-8A34-CB3608509EDB}"
EndProject
Project("{FAE04EC0-301F-11D3-BF4B-00C04F79EFBC}") = "NPlaylist.M3U", "src\NPlaylist.M3U\NPlaylist.M3U.csproj", "{51868293-CCAE-4A3E-878B-8C0952FA031B}"
EndProject
Project("{FAE04EC0-301F-11D3-BF4B-00C04F79EFBC}") = "NPlaylist.ASX", "NPlaylist.ASX\NPlaylist.ASX.csproj", "{60F6FD45-0BF6-4DA9-A935-EDF9342A5D3C}"
EndProject
Project("{FAE04EC0-301F-11D3-BF4B-00C04F79EFBC}") = "NPlaylist.PLS", "src\NPlaylist.PLS\NPlaylist.PLS.csproj", "{1A6443B8-2ED9-4D77-AC97-722A1F9A25DE}"
EndProject
Project("{FAE04EC0-301F-11D3-BF4B-00C04F79EFBC}") = "NPlaylist.WPL", "src\NPlaylist.WPL\NPlaylist.WPL.csproj", "{4B91BE15-5C82-4A43-AFAB-FD6947132AC7}"
EndProject
Project("{FAE04EC0-301F-11D3-BF4B-00C04F79EFBC}") = "NPlaylist.XSPF", "src\NPlaylist.XSPF\NPlaylist.XSPF.csproj", "{23F6E4F1-9A95-4CD3-85BF-4DFB041B8CF9}"
EndProject
Project("{2150E333-8FDC-42A3-9474-1A3956D46DE8}") = "tests", "tests", "{40768148-2DC4-4352-A15A-7D43B48663F9}"
EndProject
Global
	GlobalSection(SolutionConfigurationPlatforms) = preSolution
		Debug|Any CPU = Debug|Any CPU
		Debug|x64 = Debug|x64
		Debug|x86 = Debug|x86
		Release|Any CPU = Release|Any CPU
		Release|x64 = Release|x64
		Release|x86 = Release|x86
	EndGlobalSection
	GlobalSection(ProjectConfigurationPlatforms) = postSolution
		{1D294D2F-F8EE-488B-9FA5-F7EC2BAE7DE9}.Debug|Any CPU.ActiveCfg = Debug|Any CPU
		{1D294D2F-F8EE-488B-9FA5-F7EC2BAE7DE9}.Debug|Any CPU.Build.0 = Debug|Any CPU
		{1D294D2F-F8EE-488B-9FA5-F7EC2BAE7DE9}.Debug|x64.ActiveCfg = Debug|Any CPU
		{1D294D2F-F8EE-488B-9FA5-F7EC2BAE7DE9}.Debug|x64.Build.0 = Debug|Any CPU
		{1D294D2F-F8EE-488B-9FA5-F7EC2BAE7DE9}.Debug|x86.ActiveCfg = Debug|Any CPU
		{1D294D2F-F8EE-488B-9FA5-F7EC2BAE7DE9}.Debug|x86.Build.0 = Debug|Any CPU
		{1D294D2F-F8EE-488B-9FA5-F7EC2BAE7DE9}.Release|Any CPU.ActiveCfg = Release|Any CPU
		{1D294D2F-F8EE-488B-9FA5-F7EC2BAE7DE9}.Release|Any CPU.Build.0 = Release|Any CPU
		{1D294D2F-F8EE-488B-9FA5-F7EC2BAE7DE9}.Release|x64.ActiveCfg = Release|Any CPU
		{1D294D2F-F8EE-488B-9FA5-F7EC2BAE7DE9}.Release|x64.Build.0 = Release|Any CPU
		{1D294D2F-F8EE-488B-9FA5-F7EC2BAE7DE9}.Release|x86.ActiveCfg = Release|Any CPU
		{1D294D2F-F8EE-488B-9FA5-F7EC2BAE7DE9}.Release|x86.Build.0 = Release|Any CPU
		{4E57EDAA-F1C6-4986-9685-7A828493504A}.Debug|Any CPU.ActiveCfg = Debug|Any CPU
		{4E57EDAA-F1C6-4986-9685-7A828493504A}.Debug|Any CPU.Build.0 = Debug|Any CPU
		{4E57EDAA-F1C6-4986-9685-7A828493504A}.Debug|x64.ActiveCfg = Debug|Any CPU
		{4E57EDAA-F1C6-4986-9685-7A828493504A}.Debug|x64.Build.0 = Debug|Any CPU
		{4E57EDAA-F1C6-4986-9685-7A828493504A}.Debug|x86.ActiveCfg = Debug|Any CPU
		{4E57EDAA-F1C6-4986-9685-7A828493504A}.Debug|x86.Build.0 = Debug|Any CPU
		{4E57EDAA-F1C6-4986-9685-7A828493504A}.Release|Any CPU.ActiveCfg = Release|Any CPU
		{4E57EDAA-F1C6-4986-9685-7A828493504A}.Release|Any CPU.Build.0 = Release|Any CPU
		{4E57EDAA-F1C6-4986-9685-7A828493504A}.Release|x64.ActiveCfg = Release|Any CPU
		{4E57EDAA-F1C6-4986-9685-7A828493504A}.Release|x64.Build.0 = Release|Any CPU
		{4E57EDAA-F1C6-4986-9685-7A828493504A}.Release|x86.ActiveCfg = Release|Any CPU
		{4E57EDAA-F1C6-4986-9685-7A828493504A}.Release|x86.Build.0 = Release|Any CPU
		{63F87CA1-0DF7-4CFA-8A34-CB3608509EDB}.Debug|Any CPU.ActiveCfg = Debug|Any CPU
		{63F87CA1-0DF7-4CFA-8A34-CB3608509EDB}.Debug|Any CPU.Build.0 = Debug|Any CPU
		{63F87CA1-0DF7-4CFA-8A34-CB3608509EDB}.Debug|x64.ActiveCfg = Debug|Any CPU
		{63F87CA1-0DF7-4CFA-8A34-CB3608509EDB}.Debug|x64.Build.0 = Debug|Any CPU
		{63F87CA1-0DF7-4CFA-8A34-CB3608509EDB}.Debug|x86.ActiveCfg = Debug|Any CPU
		{63F87CA1-0DF7-4CFA-8A34-CB3608509EDB}.Debug|x86.Build.0 = Debug|Any CPU
		{63F87CA1-0DF7-4CFA-8A34-CB3608509EDB}.Release|Any CPU.ActiveCfg = Release|Any CPU
		{63F87CA1-0DF7-4CFA-8A34-CB3608509EDB}.Release|Any CPU.Build.0 = Release|Any CPU
		{63F87CA1-0DF7-4CFA-8A34-CB3608509EDB}.Release|x64.ActiveCfg = Release|Any CPU
		{63F87CA1-0DF7-4CFA-8A34-CB3608509EDB}.Release|x64.Build.0 = Release|Any CPU
		{63F87CA1-0DF7-4CFA-8A34-CB3608509EDB}.Release|x86.ActiveCfg = Release|Any CPU
		{63F87CA1-0DF7-4CFA-8A34-CB3608509EDB}.Release|x86.Build.0 = Release|Any CPU
		{51868293-CCAE-4A3E-878B-8C0952FA031B}.Debug|Any CPU.ActiveCfg = Debug|Any CPU
		{51868293-CCAE-4A3E-878B-8C0952FA031B}.Debug|Any CPU.Build.0 = Debug|Any CPU
		{51868293-CCAE-4A3E-878B-8C0952FA031B}.Debug|x64.ActiveCfg = Debug|Any CPU
		{51868293-CCAE-4A3E-878B-8C0952FA031B}.Debug|x64.Build.0 = Debug|Any CPU
		{51868293-CCAE-4A3E-878B-8C0952FA031B}.Debug|x86.ActiveCfg = Debug|Any CPU
		{51868293-CCAE-4A3E-878B-8C0952FA031B}.Debug|x86.Build.0 = Debug|Any CPU
		{51868293-CCAE-4A3E-878B-8C0952FA031B}.Release|Any CPU.ActiveCfg = Release|Any CPU
		{51868293-CCAE-4A3E-878B-8C0952FA031B}.Release|Any CPU.Build.0 = Release|Any CPU
		{51868293-CCAE-4A3E-878B-8C0952FA031B}.Release|x64.ActiveCfg = Release|Any CPU
		{51868293-CCAE-4A3E-878B-8C0952FA031B}.Release|x64.Build.0 = Release|Any CPU
		{51868293-CCAE-4A3E-878B-8C0952FA031B}.Release|x86.ActiveCfg = Release|Any CPU
		{51868293-CCAE-4A3E-878B-8C0952FA031B}.Release|x86.Build.0 = Release|Any CPU
		{60F6FD45-0BF6-4DA9-A935-EDF9342A5D3C}.Debug|Any CPU.ActiveCfg = Debug|Any CPU
		{60F6FD45-0BF6-4DA9-A935-EDF9342A5D3C}.Debug|Any CPU.Build.0 = Debug|Any CPU
		{60F6FD45-0BF6-4DA9-A935-EDF9342A5D3C}.Debug|x64.ActiveCfg = Debug|Any CPU
		{60F6FD45-0BF6-4DA9-A935-EDF9342A5D3C}.Debug|x64.Build.0 = Debug|Any CPU
		{60F6FD45-0BF6-4DA9-A935-EDF9342A5D3C}.Debug|x86.ActiveCfg = Debug|Any CPU
		{60F6FD45-0BF6-4DA9-A935-EDF9342A5D3C}.Debug|x86.Build.0 = Debug|Any CPU
		{60F6FD45-0BF6-4DA9-A935-EDF9342A5D3C}.Release|Any CPU.ActiveCfg = Release|Any CPU
		{60F6FD45-0BF6-4DA9-A935-EDF9342A5D3C}.Release|Any CPU.Build.0 = Release|Any CPU
		{60F6FD45-0BF6-4DA9-A935-EDF9342A5D3C}.Release|x64.ActiveCfg = Release|Any CPU
		{60F6FD45-0BF6-4DA9-A935-EDF9342A5D3C}.Release|x64.Build.0 = Release|Any CPU
		{60F6FD45-0BF6-4DA9-A935-EDF9342A5D3C}.Release|x86.ActiveCfg = Release|Any CPU
		{60F6FD45-0BF6-4DA9-A935-EDF9342A5D3C}.Release|x86.Build.0 = Release|Any CPU
		{1A6443B8-2ED9-4D77-AC97-722A1F9A25DE}.Debug|Any CPU.ActiveCfg = Debug|Any CPU
		{1A6443B8-2ED9-4D77-AC97-722A1F9A25DE}.Debug|Any CPU.Build.0 = Debug|Any CPU
		{1A6443B8-2ED9-4D77-AC97-722A1F9A25DE}.Debug|x64.ActiveCfg = Debug|Any CPU
		{1A6443B8-2ED9-4D77-AC97-722A1F9A25DE}.Debug|x64.Build.0 = Debug|Any CPU
		{1A6443B8-2ED9-4D77-AC97-722A1F9A25DE}.Debug|x86.ActiveCfg = Debug|Any CPU
		{1A6443B8-2ED9-4D77-AC97-722A1F9A25DE}.Debug|x86.Build.0 = Debug|Any CPU
		{1A6443B8-2ED9-4D77-AC97-722A1F9A25DE}.Release|Any CPU.ActiveCfg = Release|Any CPU
		{1A6443B8-2ED9-4D77-AC97-722A1F9A25DE}.Release|Any CPU.Build.0 = Release|Any CPU
		{1A6443B8-2ED9-4D77-AC97-722A1F9A25DE}.Release|x64.ActiveCfg = Release|Any CPU
		{1A6443B8-2ED9-4D77-AC97-722A1F9A25DE}.Release|x64.Build.0 = Release|Any CPU
		{1A6443B8-2ED9-4D77-AC97-722A1F9A25DE}.Release|x86.ActiveCfg = Release|Any CPU
		{1A6443B8-2ED9-4D77-AC97-722A1F9A25DE}.Release|x86.Build.0 = Release|Any CPU
		{4B91BE15-5C82-4A43-AFAB-FD6947132AC7}.Debug|Any CPU.ActiveCfg = Debug|Any CPU
		{4B91BE15-5C82-4A43-AFAB-FD6947132AC7}.Debug|Any CPU.Build.0 = Debug|Any CPU
		{4B91BE15-5C82-4A43-AFAB-FD6947132AC7}.Debug|x64.ActiveCfg = Debug|Any CPU
		{4B91BE15-5C82-4A43-AFAB-FD6947132AC7}.Debug|x64.Build.0 = Debug|Any CPU
		{4B91BE15-5C82-4A43-AFAB-FD6947132AC7}.Debug|x86.ActiveCfg = Debug|Any CPU
		{4B91BE15-5C82-4A43-AFAB-FD6947132AC7}.Debug|x86.Build.0 = Debug|Any CPU
		{4B91BE15-5C82-4A43-AFAB-FD6947132AC7}.Release|Any CPU.ActiveCfg = Release|Any CPU
		{4B91BE15-5C82-4A43-AFAB-FD6947132AC7}.Release|Any CPU.Build.0 = Release|Any CPU
		{4B91BE15-5C82-4A43-AFAB-FD6947132AC7}.Release|x64.ActiveCfg = Release|Any CPU
		{4B91BE15-5C82-4A43-AFAB-FD6947132AC7}.Release|x64.Build.0 = Release|Any CPU
		{4B91BE15-5C82-4A43-AFAB-FD6947132AC7}.Release|x86.ActiveCfg = Release|Any CPU
		{4B91BE15-5C82-4A43-AFAB-FD6947132AC7}.Release|x86.Build.0 = Release|Any CPU
		{23F6E4F1-9A95-4CD3-85BF-4DFB041B8CF9}.Debug|Any CPU.ActiveCfg = Debug|Any CPU
		{23F6E4F1-9A95-4CD3-85BF-4DFB041B8CF9}.Debug|Any CPU.Build.0 = Debug|Any CPU
		{23F6E4F1-9A95-4CD3-85BF-4DFB041B8CF9}.Debug|x64.ActiveCfg = Debug|Any CPU
		{23F6E4F1-9A95-4CD3-85BF-4DFB041B8CF9}.Debug|x64.Build.0 = Debug|Any CPU
		{23F6E4F1-9A95-4CD3-85BF-4DFB041B8CF9}.Debug|x86.ActiveCfg = Debug|Any CPU
		{23F6E4F1-9A95-4CD3-85BF-4DFB041B8CF9}.Debug|x86.Build.0 = Debug|Any CPU
		{23F6E4F1-9A95-4CD3-85BF-4DFB041B8CF9}.Release|Any CPU.ActiveCfg = Release|Any CPU
		{23F6E4F1-9A95-4CD3-85BF-4DFB041B8CF9}.Release|Any CPU.Build.0 = Release|Any CPU
		{23F6E4F1-9A95-4CD3-85BF-4DFB041B8CF9}.Release|x64.ActiveCfg = Release|Any CPU
		{23F6E4F1-9A95-4CD3-85BF-4DFB041B8CF9}.Release|x64.Build.0 = Release|Any CPU
		{23F6E4F1-9A95-4CD3-85BF-4DFB041B8CF9}.Release|x86.ActiveCfg = Release|Any CPU
		{23F6E4F1-9A95-4CD3-85BF-4DFB041B8CF9}.Release|x86.Build.0 = Release|Any CPU
	EndGlobalSection
	GlobalSection(SolutionProperties) = preSolution
		HideSolutionNode = FALSE
	EndGlobalSection
	GlobalSection(NestedProjects) = preSolution
		{4E57EDAA-F1C6-4986-9685-7A828493504A} = {40768148-2DC4-4352-A15A-7D43B48663F9}
	EndGlobalSection
	GlobalSection(ExtensibilityGlobals) = postSolution
		SolutionGuid = {F030DFFF-6EE4-40A3-9408-D82B4645F22E}
	EndGlobalSection
EndGlobal
